{
  "name": "ClearDekho-Lenskart-Clone-main",
  "lockfileVersion": 2,
  "requires": true,
  "packages": {
    "": {
      "dependencies": {
        "bcryptjs": "^3.0.3",
        "sweetalert2": "^11.7.5",
        "sweetalert2-react-content": "^5.0.7"
      }
    },
    "node_modules/bcryptjs": {
      "version": "3.0.3",
      "resolved": "https://registry.npmjs.org/bcryptjs/-/bcryptjs-3.0.3.tgz",
      "integrity": "sha512-GlF5wPWnSa/X5LKM1o0wz0suXIINz1iHRLvTS+sLyi7XPbe5ycmYI3DlZqVGZZtDgl4DmasFg7gOB3JYbphV5g==",
      "license": "BSD-3-Clause",
      "bin": {
        "bcrypt": "bin/bcrypt"
      }
    },
    "node_modules/sweetalert2": {
      "version": "11.7.5",
      "resolved": "https://registry.npmjs.org/sweetalert2/-/sweetalert2-11.7.5.tgz",
      "integrity": "sha512-RBPKdK8Uf9/bz9r4vy7x6sGqf0MioSXt1po1lAwwcl3AwbjHVTc5S0yud4ZJKU1EhvJFVDrFoqIpHwWERwZJEA==",
      "funding": {
        "type": "individual",
        "url": "https://github.com/sponsors/limonte"
      }
    },
    "node_modules/sweetalert2-react-content": {
      "version": "5.0.7",
      "resolved": "https://registry.npmjs.org/sweetalert2-react-content/-/sweetalert2-react-content-5.0.7.tgz",
      "integrity": "sha512-8Fk82Mpk45lFXpJWKIFF/lq8k/dJKDDQGFcuqVosaL/qRdViyAs5+u37LoTGfnOIvf+rfQB3PAXcp1XLLn+0ew==",
      "peerDependencies": {
        "react": "^18.0.0",
        "react-dom": "^18.0.0",
        "sweetalert2": "^11.0.0"
      }
    }
  },
  "dependencies": {
    "bcryptjs": {
      "version": "3.0.3",
      "resolved": "https://registry.npmjs.org/bcryptjs/-/bcryptjs-3.0.3.tgz",
      "integrity": "sha512-GlF5wPWnSa/X5LKM1o0wz0suXIINz1iHRLvTS+sLyi7XPbe5ycmYI3DlZqVGZZtDgl4DmasFg7gOB3JYbphV5g=="
    },
    "sweetalert2": {
      "version": "11.7.5",
      "resolved": "https://registry.npmjs.org/sweetalert2/-/sweetalert2-11.7.5.tgz",
      "integrity": "sha512-RBPKdK8Uf9/bz9r4vy7x6sGqf0MioSXt1po1lAwwcl3AwbjHVTc5S0yud4ZJKU1EhvJFVDrFoqIpHwWERwZJEA=="
    },
    "sweetalert2-react-content": {
      "version": "5.0.7",
      "resolved": "https://registry.npmjs.org/sweetalert2-react-content/-/sweetalert2-react-content-5.0.7.tgz",
      "integrity": "sha512-8Fk82Mpk45lFXpJWKIFF/lq8k/dJKDDQGFcuqVosaL/qRdViyAs5+u37LoTGfnOIvf+rfQB3PAXcp1XLLn+0ew=="
    }
  }
}
